
Microsoft Visual Studio Solution File, Format Version 12.00
# Visual Studio Version 16
VisualStudioVersion = 16.0.29519.181
MinimumVisualStudioVersion = 10.0.40219.1
Project("{FAE04EC0-301F-11D3-BF4B-00C04F79EFBC}") = "contapp1", "contapp1\contapp1.csproj", "{74650519-0C1E-408A-BE93-36D133830A81}"
EndProject
Global
	GlobalSection(SolutionConfigurationPlatforms) = preSolution
		Debug|Any CPU = Debug|Any CPU
		Release|Any CPU = Release|Any CPU
	EndGlobalSection
	GlobalSection(ProjectConfigurationPlatforms) = postSolution
		{74650519-0C1E-408A-BE93-36D133830A81}.Debug|Any CPU.ActiveCfg = Debug|Any CPU
		{74650519-0C1E-408A-BE93-36D133830A81}.Debug|Any CPU.Build.0 = Debug|Any CPU
		{74650519-0C1E-408A-BE93-36D133830A81}.Release|Any CPU.ActiveCfg = Release|Any CPU
		{74650519-0C1E-408A-BE93-36D133830A81}.Release|Any CPU.Build.0 = Release|Any CPU
	EndGlobalSection
	GlobalSection(SolutionProperties) = preSolution
		HideSolutionNode = FALSE
	EndGlobalSection
	GlobalSection(ExtensibilityGlobals) = postSolution
		SolutionGuid = {8987EA62-BA07-4767-8E91-E7134F9FE5E1}
	EndGlobalSection
EndGlobal
